// !$*UTF8*$!
{
	archiveVersion = 1;
	classes = {
	};
	objectVersion = 55;
	objects = {

/* Begin PBXBuildFile section */
		A21541D52C256ECC007D5C09 /* AppDelegate.swift in Sources */ = {isa = PBXBuildFile; fileRef = A21541D42C256ECC007D5C09 /* AppDelegate.swift */; };
		A21541D72C256ECC007D5C09 /* SceneDelegate.swift in Sources */ = {isa = PBXBuildFile; fileRef = A21541D62C256ECC007D5C09 /* SceneDelegate.swift */; };
		A21541D92C256ECC007D5C09 /* ViewController.swift in Sources */ = {isa = PBXBuildFile; fileRef = A21541D82C256ECC007D5C09 /* ViewController.swift */; };
		A21541DC2C256ECC007D5C09 /* Main.storyboard in Resources */ = {isa = PBXBuildFile; fileRef = A21541DA2C256ECC007D5C09 /* Main.storyboard */; };
		A21541DE2C256ECE007D5C09 /* Assets.xcassets in Resources */ = {isa = PBXBuildFile; fileRef = A21541DD2C256ECE007D5C09 /* Assets.xcassets */; };
		A21541E12C256ECE007D5C09 /* LaunchScreen.storyboard in Resources */ = {isa = PBXBuildFile; fileRef = A21541DF2C256ECE007D5C09 /* LaunchScreen.storyboard */; };
		A21541EC2C256ECE007D5C09 /* ToDoListTests.swift in Sources */ = {isa = PBXBuildFile; fileRef = A21541EB2C256ECE007D5C09 /* ToDoListTests.swift */; };
		A21541F62C256ECE007D5C09 /* ToDoListUITests.swift in Sources */ = {isa = PBXBuildFile; fileRef = A21541F52C256ECE007D5C09 /* ToDoListUITests.swift */; };
		A21541F82C256ECE007D5C09 /* ToDoListUITestsLaunchTests.swift in Sources */ = {isa = PBXBuildFile; fileRef = A21541F72C256ECE007D5C09 /* ToDoListUITestsLaunchTests.swift */; };
		A21542052C257615007D5C09 /* TableViewController.swift in Sources */ = {isa = PBXBuildFile; fileRef = A21542042C257615007D5C09 /* TableViewController.swift */; };
		A23765832C32ABB0001DA9FD /* TableViewControllerContact.swift in Sources */ = {isa = PBXBuildFile; fileRef = A23765822C32ABB0001DA9FD /* TableViewControllerContact.swift */; };
		A23765852C32BF5A001DA9FD /* Person.swift in Sources */ = {isa = PBXBuildFile; fileRef = A23765842C32BF5A001DA9FD /* Person.swift */; };
/* End PBXBuildFile section */

/* Begin PBXContainerItemProxy section */
		A21541E82C256ECE007D5C09 /* PBXContainerItemProxy */ = {
			isa = PBXContainerItemProxy;
			containerPortal = A21541C92C256ECC007D5C09 /* Project object */;
			proxyType = 1;
			remoteGlobalIDString = A21541D02C256ECC007D5C09;
			remoteInfo = ToDoList;
		};
		A21541F22C256ECE007D5C09 /* PBXContainerItemProxy */ = {
			isa = PBXContainerItemProxy;
			containerPortal = A21541C92C256ECC007D5C09 /* Project object */;
			proxyType = 1;
			remoteGlobalIDString = A21541D02C256ECC007D5C09;
			remoteInfo = ToDoList;
		};
/* End PBXContainerItemProxy section */

/* Begin PBXFileReference section */
		A21541D12C256ECC007D5C09 /* ToDoList.app */ = {isa = PBXFileReference; explicitFileType = wrapper.application; includeInIndex = 0; path = ToDoList.app; sourceTree = BUILT_PRODUCTS_DIR; };
		A21541D42C256ECC007D5C09 /* AppDelegate.swift */ = {isa = PBXFileReference; lastKnownFileType = sourcecode.swift; path = AppDelegate.swift; sourceTree = "<group>"; };
		A21541D62C256ECC007D5C09 /* SceneDelegate.swift */ = {isa = PBXFileReference; lastKnownFileType = sourcecode.swift; path = SceneDelegate.swift; sourceTree = "<group>"; };
		A21541D82C256ECC007D5C09 /* ViewController.swift */ = {isa = PBXFileReference; lastKnownFileType = sourcecode.swift; path = ViewController.swift; sourceTree = "<group>"; };
		A21541DB2C256ECC007D5C09 /* Base */ = {isa = PBXFileReference; lastKnownFileType = file.storyboard; name = Base; path = Base.lproj/Main.storyboard; sourceTree = "<group>"; };
		A21541DD2C256ECE007D5C09 /* Assets.xcassets */ = {isa = PBXFileReference; lastKnownFileType = folder.assetcatalog; path = Assets.xcassets; sourceTree = "<group>"; };
		A21541E02C256ECE007D5C09 /* Base */ = {isa = PBXFileReference; lastKnownFileType = file.storyboard; name = Base; path = Base.lproj/LaunchScreen.storyboard; sourceTree = "<group>"; };
		A21541E22C256ECE007D5C09 /* Info.plist */ = {isa = PBXFileReference; lastKnownFileType = text.plist.xml; path = Info.plist; sourceTree = "<group>"; };
		A21541E72C256ECE007D5C09 /* ToDoListTests.xctest */ = {isa = PBXFileReference; explicitFileType = wrapper.cfbundle; includeInIndex = 0; path = ToDoListTests.xctest; sourceTree = BUILT_PRODUCTS_DIR; };
		A21541EB2C256ECE007D5C09 /* ToDoListTests.swift */ = {isa = PBXFileReference; lastKnownFileType = sourcecode.swift; path = ToDoListTests.swift; sourceTree = "<group>"; };
		A21541F12C256ECE007D5C09 /* ToDoListUITests.xctest */ = {isa = PBXFileReference; explicitFileType = wrapper.cfbundle; includeInIndex = 0; path = ToDoListUITests.xctest; sourceTree = BUILT_PRODUCTS_DIR; };
		A21541F52C256ECE007D5C09 /* ToDoListUITests.swift */ = {isa = PBXFileReference; lastKnownFileType = sourcecode.swift; path = ToDoListUITests.swift; sourceTree = "<group>"; };
		A21541F72C256ECE007D5C09 /* ToDoListUITestsLaunchTests.swift */ = {isa = PBXFileReference; lastKnownFileType = sourcecode.swift; path = ToDoListUITestsLaunchTests.swift; sourceTree = "<group>"; };
		A21542042C257615007D5C09 /* TableViewController.swift */ = {isa = PBXFileReference; lastKnownFileType = sourcecode.swift; path = TableViewController.swift; sourceTree = "<group>"; };
		A23765822C32ABB0001DA9FD /* TableViewControllerContact.swift */ = {isa = PBXFileReference; lastKnownFileType = sourcecode.swift; path = TableViewControllerContact.swift; sourceTree = "<group>"; };
		A23765842C32BF5A001DA9FD /* Person.swift */ = {isa = PBXFileReference; lastKnownFileType = sourcecode.swift; path = Person.swift; sourceTree = "<group>"; };
/* End PBXFileReference section */

/* Begin PBXFrameworksBuildPhase section */
		A21541CE2C256ECC007D5C09 /* Frameworks */ = {
			isa = PBXFrameworksBuildPhase;
			buildActionMask = 2147483647;
			files = (
			);
			runOnlyForDeploymentPostprocessing = 0;
		};
		A21541E42C256ECE007D5C09 /* Frameworks */ = {
			isa = PBXFrameworksBuildPhase;
			buildActionMask = 2147483647;
			files = (
			);
			runOnlyForDeploymentPostprocessing = 0;
		};
		A21541EE2C256ECE007D5C09 /* Frameworks */ = {
			isa = PBXFrameworksBuildPhase;
			buildActionMask = 2147483647;
			files = (
			);
			runOnlyForDeploymentPostprocessing = 0;
		};
/* End PBXFrameworksBuildPhase section */

/* Begin PBXGroup section */
		A21541C82C256ECC007D5C09 = {
			isa = PBXGroup;
			children = (
				A21541D32C256ECC007D5C09 /* ToDoList */,
				A21541EA2C256ECE007D5C09 /* ToDoListTests */,
				A21541F42C256ECE007D5C09 /* ToDoListUITests */,
				A21541D22C256ECC007D5C09 /* Products */,
			);
			sourceTree = "<group>";
		};
		A21541D22C256ECC007D5C09 /* Products */ = {
			isa = PBXGroup;
			children = (
				A21541D12C256ECC007D5C09 /* ToDoList.app */,
				A21541E72C256ECE007D5C09 /* ToDoListTests.xctest */,
				A21541F12C256ECE007D5C09 /* ToDoListUITests.xctest */,
			);
			name = Products;
			sourceTree = "<group>";
		};
		A21541D32C256ECC007D5C09 /* ToDoList */ = {
			isa = PBXGroup;
			children = (
				A23765822C32ABB0001DA9FD /* TableViewControllerContact.swift */,
				A21541D42C256ECC007D5C09 /* AppDelegate.swift */,
				A21541D62C256ECC007D5C09 /* SceneDelegate.swift */,
				A21541D82C256ECC007D5C09 /* ViewController.swift */,
				A21542042C257615007D5C09 /* TableViewController.swift */,
				A21541DA2C256ECC007D5C09 /* Main.storyboard */,
				A21541DD2C256ECE007D5C09 /* Assets.xcassets */,
				A21541DF2C256ECE007D5C09 /* LaunchScreen.storyboard */,
				A21541E22C256ECE007D5C09 /* Info.plist */,
				A23765842C32BF5A001DA9FD /* Person.swift */,
			);
			path = ToDoList;
			sourceTree = "<group>";
		};
		A21541EA2C256ECE007D5C09 /* ToDoListTests */ = {
			isa = PBXGroup;
			children = (
				A21541EB2C256ECE007D5C09 /* ToDoListTests.swift */,
			);
			path = ToDoListTests;
			sourceTree = "<group>";
		};
		A21541F42C256ECE007D5C09 /* ToDoListUITests */ = {
			isa = PBXGroup;
			children = (
				A21541F52C256ECE007D5C09 /* ToDoListUITests.swift */,
				A21541F72C256ECE007D5C09 /* ToDoListUITestsLaunchTests.swift */,
			);
			path = ToDoListUITests;
			sourceTree = "<group>";
		};
/* End PBXGroup section */

/* Begin PBXNativeTarget section */
		A21541D02C256ECC007D5C09 /* ToDoList */ = {
			isa = PBXNativeTarget;
			buildConfigurationList = A21541FB2C256ECE007D5C09 /* Build configuration list for PBXNativeTarget "ToDoList" */;
			buildPhases = (
				A21541CD2C256ECC007D5C09 /* Sources */,
				A21541CE2C256ECC007D5C09 /* Frameworks */,
				A21541CF2C256ECC007D5C09 /* Resources */,
			);
			buildRules = (
			);
			dependencies = (
			);
			name = ToDoList;
			productName = ToDoList;
			productReference = A21541D12C256ECC007D5C09 /* ToDoList.app */;
			productType = "com.apple.product-type.application";
		};
		A21541E62C256ECE007D5C09 /* ToDoListTests */ = {
			isa = PBXNativeTarget;
			buildConfigurationList = A21541FE2C256ECE007D5C09 /* Build configuration list for PBXNativeTarget "ToDoListTests" */;
			buildPhases = (
				A21541E32C256ECE007D5C09 /* Sources */,
				A21541E42C256ECE007D5C09 /* Frameworks */,
				A21541E52C256ECE007D5C09 /* Resources */,
			);
			buildRules = (
			);
			dependencies = (
				A21541E92C256ECE007D5C09 /* PBXTargetDependency */,
			);
			name = ToDoListTests;
			productName = ToDoListTests;
			productReference = A21541E72C256ECE007D5C09 /* ToDoListTests.xctest */;
			productType = "com.apple.product-type.bundle.unit-test";
		};
		A21541F02C256ECE007D5C09 /* ToDoListUITests */ = {
			isa = PBXNativeTarget;
			buildConfigurationList = A21542012C256ECE007D5C09 /* Build configuration list for PBXNativeTarget "ToDoListUITests" */;
			buildPhases = (
				A21541ED2C256ECE007D5C09 /* Sources */,
				A21541EE2C256ECE007D5C09 /* Frameworks */,
				A21541EF2C256ECE007D5C09 /* Resources */,
			);
			buildRules = (
			);
			dependencies = (
				A21541F32C256ECE007D5C09 /* PBXTargetDependency */,
			);
			name = ToDoListUITests;
			productName = ToDoListUITests;
			productReference = A21541F12C256ECE007D5C09 /* ToDoListUITests.xctest */;
			productType = "com.apple.product-type.bundle.ui-testing";
		};
/* End PBXNativeTarget section */

/* Begin PBXProject section */
		A21541C92C256ECC007D5C09 /* Project object */ = {
			isa = PBXProject;
			attributes = {
				BuildIndependentTargetsInParallel = 1;
				LastSwiftUpdateCheck = 1300;
				LastUpgradeCheck = 1300;
				TargetAttributes = {
					A21541D02C256ECC007D5C09 = {
						CreatedOnToolsVersion = 13.0;
					};
					A21541E62C256ECE007D5C09 = {
						CreatedOnToolsVersion = 13.0;
						TestTargetID = A21541D02C256ECC007D5C09;
					};
					A21541F02C256ECE007D5C09 = {
						CreatedOnToolsVersion = 13.0;
						TestTargetID = A21541D02C256ECC007D5C09;
					};
				};
			};
			buildConfigurationList = A21541CC2C256ECC007D5C09 /* Build configuration list for PBXProject "ToDoList" */;
			compatibilityVersion = "Xcode 13.0";
			developmentRegion = en;
			hasScannedForEncodings = 0;
			knownRegions = (
				en,
				Base,
			);
			mainGroup = A21541C82C256ECC007D5C09;
			productRefGroup = A21541D22C256ECC007D5C09 /* Products */;
			projectDirPath = "";
			projectRoot = "";
			targets = (
				A21541D02C256ECC007D5C09 /* ToDoList */,
				A21541E62C256ECE007D5C09 /* ToDoListTests */,
				A21541F02C256ECE007D5C09 /* ToDoListUITests */,
			);
		};
/* End PBXProject section */

/* Begin PBXResourcesBuildPhase section */
		A21541CF2C256ECC007D5C09 /* Resources */ = {
			isa = PBXResourcesBuildPhase;
			buildActionMask = 2147483647;
			files = (
				A21541E12C256ECE007D5C09 /* LaunchScreen.storyboard in Resources */,
				A21541DE2C256ECE007D5C09 /* Assets.xcassets in Resources */,
				A21541DC2C256ECC007D5C09 /* Main.storyboard in Resources */,
			);
			runOnlyForDeploymentPostprocessing = 0;
		};
		A21541E52C256ECE007D5C09 /* Resources */ = {
			isa = PBXResourcesBuildPhase;
			buildActionMask = 2147483647;
			files = (
			);
			runOnlyForDeploymentPostprocessing = 0;
		};
		A21541EF2C256ECE007D5C09 /* Resources */ = {
			isa = PBXResourcesBuildPhase;
			buildActionMask = 2147483647;
			files = (
			);
			runOnlyForDeploymentPostprocessing = 0;
		};
/* End PBXResourcesBuildPhase section */

/* Begin PBXSourcesBuildPhase section */
		A21541CD2C256ECC007D5C09 /* Sources */ = {
			isa = PBXSourcesBuildPhase;
			buildActionMask = 2147483647;
			files = (
				A23765852C32BF5A001DA9FD /* Person.swift in Sources */,
				A21541D92C256ECC007D5C09 /* ViewController.swift in Sources */,
				A21541D52C256ECC007D5C09 /* AppDelegate.swift in Sources */,
				A21541D72C256ECC007D5C09 /* SceneDelegate.swift in Sources */,
				A23765832C32ABB0001DA9FD /* TableViewControllerContact.swift in Sources */,
				A21542052C257615007D5C09 /* TableViewController.swift in Sources */,
			);
			runOnlyForDeploymentPostprocessing = 0;
		};
		A21541E32C256ECE007D5C09 /* Sources */ = {
			isa = PBXSourcesBuildPhase;
			buildActionMask = 2147483647;
			files = (
				A21541EC2C256ECE007D5C09 /* ToDoListTests.swift in Sources */,
			);
			runOnlyForDeploymentPostprocessing = 0;
		};
		A21541ED2C256ECE007D5C09 /* Sources */ = {
			isa = PBXSourcesBuildPhase;
			buildActionMask = 2147483647;
			files = (
				A21541F82C256ECE007D5C09 /* ToDoListUITestsLaunchTests.swift in Sources */,
				A21541F62C256ECE007D5C09 /* ToDoListUITests.swift in Sources */,
			);
			runOnlyForDeploymentPostprocessing = 0;
		};
/* End PBXSourcesBuildPhase section */

/* Begin PBXTargetDependency section */
		A21541E92C256ECE007D5C09 /* PBXTargetDependency */ = {
			isa = PBXTargetDependency;
			target = A21541D02C256ECC007D5C09 /* ToDoList */;
			targetProxy = A21541E82C256ECE007D5C09 /* PBXContainerItemProxy */;
		};
		A21541F32C256ECE007D5C09 /* PBXTargetDependency */ = {
			isa = PBXTargetDependency;
			target = A21541D02C256ECC007D5C09 /* ToDoList */;
			targetProxy = A21541F22C256ECE007D5C09 /* PBXContainerItemProxy */;
		};
/* End PBXTargetDependency section */

/* Begin PBXVariantGroup section */
		A21541DA2C256ECC007D5C09 /* Main.storyboard */ = {
			isa = PBXVariantGroup;
			children = (
				A21541DB2C256ECC007D5C09 /* Base */,
			);
			name = Main.storyboard;
			sourceTree = "<group>";
		};
		A21541DF2C256ECE007D5C09 /* LaunchScreen.storyboard */ = {
			isa = PBXVariantGroup;
			children = (
				A21541E02C256ECE007D5C09 /* Base */,
			);
			name = LaunchScreen.storyboard;
			sourceTree = "<group>";
		};
/* End PBXVariantGroup section */

/* Begin XCBuildConfiguration section */
		A21541F92C256ECE007D5C09 /* Debug */ = {
			isa = XCBuildConfiguration;
			buildSettings = {
				ALWAYS_SEARCH_USER_PATHS = NO;
				CLANG_ANALYZER_NONNULL = YES;
				CLANG_ANALYZER_NUMBER_OBJECT_CONVERSION = YES_AGGRESSIVE;
				CLANG_CXX_LANGUAGE_STANDARD = "gnu++17";
				CLANG_CXX_LIBRARY = "libc++";
				CLANG_ENABLE_MODULES = YES;
				CLANG_ENABLE_OBJC_ARC = YES;
				CLANG_ENABLE_OBJC_WEAK = YES;
				CLANG_WARN_BLOCK_CAPTURE_AUTORELEASING = YES;
				CLANG_WARN_BOOL_CONVERSION = YES;
				CLANG_WARN_COMMA = YES;
				CLANG_WARN_CONSTANT_CONVERSION = YES;
				CLANG_WARN_DEPRECATED_OBJC_IMPLEMENTATIONS = YES;
				CLANG_WARN_DIRECT_OBJC_ISA_USAGE = YES_ERROR;
				CLANG_WARN_DOCUMENTATION_COMMENTS = YES;
				CLANG_WARN_EMPTY_BODY = YES;
				CLANG_WARN_ENUM_CONVERSION = YES;
				CLANG_WARN_INFINITE_RECURSION = YES;
				CLANG_WARN_INT_CONVERSION = YES;
				CLANG_WARN_NON_LITERAL_NULL_CONVERSION = YES;
				CLANG_WARN_OBJC_IMPLICIT_RETAIN_SELF = YES;
				CLANG_WARN_OBJC_LITERAL_CONVERSION = YES;
				CLANG_WARN_OBJC_ROOT_CLASS = YES_ERROR;
				CLANG_WARN_QUOTED_INCLUDE_IN_FRAMEWORK_HEADER = YES;
				CLANG_WARN_RANGE_LOOP_ANALYSIS = YES;
				CLANG_WARN_STRICT_PROTOTYPES = YES;
				CLANG_WARN_SUSPICIOUS_MOVE = YES;
				CLANG_WARN_UNGUARDED_AVAILABILITY = YES_AGGRESSIVE;
				CLANG_WARN_UNREACHABLE_CODE = YES;
				CLANG_WARN__DUPLICATE_METHOD_MATCH = YES;
				COPY_PHASE_STRIP = NO;
				DEBUG_INFORMATION_FORMAT = dwarf;
				ENABLE_STRICT_OBJC_MSGSEND = YES;
				ENABLE_TESTABILITY = YES;
				GCC_C_LANGUAGE_STANDARD = gnu11;
				GCC_DYNAMIC_NO_PIC = NO;
				GCC_NO_COMMON_BLOCKS = YES;
				GCC_OPTIMIZATION_LEVEL = 0;
				GCC_PREPROCESSOR_DEFINITIONS = (
					"DEBUG=1",
					"$(inherited)",
				);
				GCC_WARN_64_TO_32_BIT_CONVERSION = YES;
				GCC_WARN_ABOUT_RETURN_TYPE = YES_ERROR;
				GCC_WARN_UNDECLARED_SELECTOR = YES;
				GCC_WARN_UNINITIALIZED_AUTOS = YES_AGGRESSIVE;
				GCC_WARN_UNUSED_FUNCTION = YES;
				GCC_WARN_UNUSED_VARIABLE = YES;
				IPHONEOS_DEPLOYMENT_TARGET = 15.0;
				MTL_ENABLE_DEBUG_INFO = INCLUDE_SOURCE;
				MTL_FAST_MATH = YES;
				ONLY_ACTIVE_ARCH = YES;
				SDKROOT = iphoneos;
				SWIFT_ACTIVE_COMPILATION_CONDITIONS = DEBUG;
				SWIFT_OPTIMIZATION_LEVEL = "-Onone";
			};
			name = Debug;
		};
		A21541FA2C256ECE007D5C09 /* Release */ = {
			isa = XCBuildConfiguration;
			buildSettings = {
				ALWAYS_SEARCH_USER_PATHS = NO;
				CLANG_ANALYZER_NONNULL = YES;
				CLANG_ANALYZER_NUMBER_OBJECT_CONVERSION = YES_AGGRESSIVE;
				CLANG_CXX_LANGUAGE_STANDARD = "gnu++17";
				CLANG_CXX_LIBRARY = "libc++";
				CLANG_ENABLE_MODULES = YES;
				CLANG_ENABLE_OBJC_ARC = YES;
				CLANG_ENABLE_OBJC_WEAK = YES;
				CLANG_WARN_BLOCK_CAPTURE_AUTORELEASING = YES;
				CLANG_WARN_BOOL_CONVERSION = YES;
				CLANG_WARN_COMMA = YES;
				CLANG_WARN_CONSTANT_CONVERSION = YES;
				CLANG_WARN_DEPRECATED_OBJC_IMPLEMENTATIONS = YES;
				CLANG_WARN_DIRECT_OBJC_ISA_USAGE = YES_ERROR;
				CLANG_WARN_DOCUMENTATION_COMMENTS = YES;
				CLANG_WARN_EMPTY_BODY = YES;
				CLANG_WARN_ENUM_CONVERSION = YES;
				CLANG_WARN_INFINITE_RECURSION = YES;
				CLANG_WARN_INT_CONVERSION = YES;
				CLANG_WARN_NON_LITERAL_NULL_CONVERSION = YES;
				CLANG_WARN_OBJC_IMPLICIT_RETAIN_SELF = YES;
				CLANG_WARN_OBJC_LITERAL_CONVERSION = YES;
				CLANG_WARN_OBJC_ROOT_CLASS = YES_ERROR;
				CLANG_WARN_QUOTED_INCLUDE_IN_FRAMEWORK_HEADER = YES;
				CLANG_WARN_RANGE_LOOP_ANALYSIS = YES;
				CLANG_WARN_STRICT_PROTOTYPES = YES;
				CLANG_WARN_SUSPICIOUS_MOVE = YES;
				CLANG_WARN_UNGUARDED_AVAILABILITY = YES_AGGRESSIVE;
				CLANG_WARN_UNREACHABLE_CODE = YES;
				CLANG_WARN__DUPLICATE_METHOD_MATCH = YES;
				COPY_PHASE_STRIP = NO;
				DEBUG_INFORMATION_FORMAT = "dwarf-with-dsym";
				ENABLE_NS_ASSERTIONS = NO;
				ENABLE_STRICT_OBJC_MSGSEND = YES;
				GCC_C_LANGUAGE_STANDARD = gnu11;
				GCC_NO_COMMON_BLOCKS = YES;
				GCC_WARN_64_TO_32_BIT_CONVERSION = YES;
				GCC_WARN_ABOUT_RETURN_TYPE = YES_ERROR;
				GCC_WARN_UNDECLARED_SELECTOR = YES;
				GCC_WARN_UNINITIALIZED_AUTOS = YES_AGGRESSIVE;
				GCC_WARN_UNUSED_FUNCTION = YES;
				GCC_WARN_UNUSED_VARIABLE = YES;
				IPHONEOS_DEPLOYMENT_TARGET = 15.0;
				MTL_ENABLE_DEBUG_INFO = NO;
				MTL_FAST_MATH = YES;
				SDKROOT = iphoneos;
				SWIFT_COMPILATION_MODE = wholemodule;
				SWIFT_OPTIMIZATION_LEVEL = "-O";
				VALIDATE_PRODUCT = YES;
			};
			name = Release;
		};
		A21541FC2C256ECE007D5C09 /* Debug */ = {
			isa = XCBuildConfiguration;
			buildSettings = {
				ASSETCATALOG_COMPILER_APPICON_NAME = AppIcon;
				ASSETCATALOG_COMPILER_GLOBAL_ACCENT_COLOR_NAME = AccentColor;
				CODE_SIGN_STYLE = Automatic;
				CURRENT_PROJECT_VERSION = 1;
				GENERATE_INFOPLIST_FILE = YES;
				INFOPLIST_FILE = ToDoList/Info.plist;
				INFOPLIST_KEY_UIApplicationSupportsIndirectInputEvents = YES;
				INFOPLIST_KEY_UILaunchStoryboardName = LaunchScreen;
				INFOPLIST_KEY_UIMainStoryboardFile = Main;
				INFOPLIST_KEY_UISupportedInterfaceOrientations_iPad = "UIInterfaceOrientationPortrait UIInterfaceOrientationPortraitUpsideDown UIInterfaceOrientationLandscapeLeft UIInterfaceOrientationLandscapeRight";
				INFOPLIST_KEY_UISupportedInterfaceOrientations_iPhone = "UIInterfaceOrientationPortrait UIInterfaceOrientationLandscapeLeft UIInterfaceOrientationLandscapeRight";
				LD_RUNPATH_SEARCH_PATHS = (
					"$(inherited)",
					"@executable_path/Frameworks",
				);
				MARKETING_VERSION = 1.0;
				PRODUCT_BUNDLE_IDENTIFIER = kz.mobydev.ToDoList;
				PRODUCT_NAME = "$(TARGET_NAME)";
				SWIFT_EMIT_LOC_STRINGS = YES;
				SWIFT_VERSION = 5.0;
				TARGETED_DEVICE_FAMILY = "1,2";
			};
			name = Debug;
		};
		A21541FD2C256ECE007D5C09 /* Release */ = {
			isa = XCBuildConfiguration;
			buildSettings = {
				ASSETCATALOG_COMPILER_APPICON_NAME = AppIcon;
				ASSETCATALOG_COMPILER_GLOBAL_ACCENT_COLOR_NAME = AccentColor;
				CODE_SIGN_STYLE = Automatic;
				CURRENT_PROJECT_VERSION = 1;
				GENERATE_INFOPLIST_FILE = YES;
				INFOPLIST_FILE = ToDoList/Info.plist;
				INFOPLIST_KEY_UIApplicationSupportsIndirectInputEvents = YES;
				INFOPLIST_KEY_UILaunchStoryboardName = LaunchScreen;
				INFOPLIST_KEY_UIMainStoryboardFile = Main;
				INFOPLIST_KEY_UISupportedInterfaceOrientations_iPad = "UIInterfaceOrientationPortrait UIInterfaceOrientationPortraitUpsideDown UIInterfaceOrientationLandscapeLeft UIInterfaceOrientationLandscapeRight";
				INFOPLIST_KEY_UISupportedInterfaceOrientations_iPhone = "UIInterfaceOrientationPortrait UIInterfaceOrientationLandscapeLeft UIInterfaceOrientationLandscapeRight";
				LD_RUNPATH_SEARCH_PATHS = (
					"$(inherited)",
					"@executable_path/Frameworks",
				);
				MARKETING_VERSION = 1.0;
				PRODUCT_BUNDLE_IDENTIFIER = kz.mobydev.ToDoList;
				PRODUCT_NAME = "$(TARGET_NAME)";
				SWIFT_EMIT_LOC_STRINGS = YES;
				SWIFT_VERSION = 5.0;
				TARGETED_DEVICE_FAMILY = "1,2";
			};
			name = Release;
		};
		A21541FF2C256ECE007D5C09 /* Debug */ = {
			isa = XCBuildConfiguration;
			buildSettings = {
				ALWAYS_EMBED_SWIFT_STANDARD_LIBRARIES = YES;
				BUNDLE_LOADER = "$(TEST_HOST)";
				CODE_SIGN_STYLE = Automatic;
				CURRENT_PROJECT_VERSION = 1;
				GENERATE_INFOPLIST_FILE = YES;
				IPHONEOS_DEPLOYMENT_TARGET = 15.0;
				LD_RUNPATH_SEARCH_PATHS = (
					"$(inherited)",
					"@executable_path/Frameworks",
					"@loader_path/Frameworks",
				);
				MARKETING_VERSION = 1.0;
				PRODUCT_BUNDLE_IDENTIFIER = kz.mobydev.ToDoListTests;
				PRODUCT_NAME = "$(TARGET_NAME)";
				SWIFT_EMIT_LOC_STRINGS = NO;
				SWIFT_VERSION = 5.0;
				TARGETED_DEVICE_FAMILY = "1,2";
				TEST_HOST = "$(BUILT_PRODUCTS_DIR)/ToDoList.app/ToDoList";
			};
			name = Debug;
		};
		A21542002C256ECE007D5C09 /* Release */ = {
			isa = XCBuildConfiguration;
			buildSettings = {
				ALWAYS_EMBED_SWIFT_STANDARD_LIBRARIES = YES;
				BUNDLE_LOADER = "$(TEST_HOST)";
				CODE_SIGN_STYLE = Automatic;
				CURRENT_PROJECT_VERSION = 1;
				GENERATE_INFOPLIST_FILE = YES;
				IPHONEOS_DEPLOYMENT_TARGET = 15.0;
				LD_RUNPATH_SEARCH_PATHS = (
					"$(inherited)",
					"@executable_path/Frameworks",
					"@loader_path/Frameworks",
				);
				MARKETING_VERSION = 1.0;
				PRODUCT_BUNDLE_IDENTIFIER = kz.mobydev.ToDoListTests;
				PRODUCT_NAME = "$(TARGET_NAME)";
				SWIFT_EMIT_LOC_STRINGS = NO;
				SWIFT_VERSION = 5.0;
				TARGETED_DEVICE_FAMILY = "1,2";
				TEST_HOST = "$(BUILT_PRODUCTS_DIR)/ToDoList.app/ToDoList";
			};
			name = Release;
		};
		A21542022C256ECE007D5C09 /* Debug */ = {
			isa = XCBuildConfiguration;
			buildSettings = {
				ALWAYS_EMBED_SWIFT_STANDARD_LIBRARIES = YES;
				CODE_SIGN_STYLE = Automatic;
				CURRENT_PROJECT_VERSION = 1;
				GENERATE_INFOPLIST_FILE = YES;
				LD_RUNPATH_SEARCH_PATHS = (
					"$(inherited)",
					"@executable_path/Frameworks",
					"@loader_path/Frameworks",
				);
				MARKETING_VERSION = 1.0;
				PRODUCT_BUNDLE_IDENTIFIER = kz.mobydev.ToDoListUITests;
				PRODUCT_NAME = "$(TARGET_NAME)";
				SWIFT_EMIT_LOC_STRINGS = NO;
				SWIFT_VERSION = 5.0;
				TARGETED_DEVICE_FAMILY = "1,2";
				TEST_TARGET_NAME = ToDoList;
			};
			name = Debug;
		};
		A21542032C256ECE007D5C09 /* Release */ = {
			isa = XCBuildConfiguration;
			buildSettings = {
				ALWAYS_EMBED_SWIFT_STANDARD_LIBRARIES = YES;
				CODE_SIGN_STYLE = Automatic;
				CURRENT_PROJECT_VERSION = 1;
				GENERATE_INFOPLIST_FILE = YES;
				LD_RUNPATH_SEARCH_PATHS = (
					"$(inherited)",
					"@executable_path/Frameworks",
					"@loader_path/Frameworks",
				);
				MARKETING_VERSION = 1.0;
				PRODUCT_BUNDLE_IDENTIFIER = kz.mobydev.ToDoListUITests;
				PRODUCT_NAME = "$(TARGET_NAME)";
				SWIFT_EMIT_LOC_STRINGS = NO;
				SWIFT_VERSION = 5.0;
				TARGETED_DEVICE_FAMILY = "1,2";
				TEST_TARGET_NAME = ToDoList;
			};
			name = Release;
		};
/* End XCBuildConfiguration section */

/* Begin XCConfigurationList section */
		A21541CC2C256ECC007D5C09 /* Build configuration list for PBXProject "ToDoList" */ = {
			isa = XCConfigurationList;
			buildConfigurations = (
				A21541F92C256ECE007D5C09 /* Debug */,
				A21541FA2C256ECE007D5C09 /* Release */,
			);
			defaultConfigurationIsVisible = 0;
			defaultConfigurationName = Release;
		};
		A21541FB2C256ECE007D5C09 /* Build configuration list for PBXNativeTarget "ToDoList" */ = {
			isa = XCConfigurationList;
			buildConfigurations = (
				A21541FC2C256ECE007D5C09 /* Debug */,
				A21541FD2C256ECE007D5C09 /* Release */,
			);
			defaultConfigurationIsVisible = 0;
			defaultConfigurationName = Release;
		};
		A21541FE2C256ECE007D5C09 /* Build configuration list for PBXNativeTarget "ToDoListTests" */ = {
			isa = XCConfigurationList;
			buildConfigurations = (
				A21541FF2C256ECE007D5C09 /* Debug */,
				A21542002C256ECE007D5C09 /* Release */,
			);
			defaultConfigurationIsVisible = 0;
			defaultConfigurationName = Release;
		};
		A21542012C256ECE007D5C09 /* Build configuration list for PBXNativeTarget "ToDoListUITests" */ = {
			isa = XCConfigurationList;
			buildConfigurations = (
				A21542022C256ECE007D5C09 /* Debug */,
				A21542032C256ECE007D5C09 /* Release */,
			);
			defaultConfigurationIsVisible = 0;
			defaultConfigurationName = Release;
		};
/* End XCConfigurationList section */
	};
	rootObject = A21541C92C256ECC007D5C09 /* Project object */;
}
